
Microsoft Visual Studio Solution File, Format Version 12.00
# Visual Studio Version 16
VisualStudioVersion = 16.0.30128.74
MinimumVisualStudioVersion = 10.0.40219.1
Project("{9A19103F-16F7-4668-BE54-9A1E7A4F7556}") = "Online Radio", "Online Radio.csproj", "{9A586531-2923-4B9A-8BE9-ACD01124D47D}"
EndProject
Project("{FAE04EC0-301F-11D3-BF4B-00C04F79EFBC}") = "Radio-1", "..\Radio-1\Radio-1.csproj", "{D2DA1313-FBE0-4707-A564-0EAE7FBAB0A8}"
EndProject
Global
	GlobalSection(SolutionConfigurationPlatforms) = preSolution
		Debug|Any CPU = Debug|Any CPU
		Release|Any CPU = Release|Any CPU
	EndGlobalSection
	GlobalSection(ProjectConfigurationPlatforms) = postSolution
		{9A586531-2923-4B9A-8BE9-ACD01124D47D}.Debug|Any CPU.ActiveCfg = Debug|Any CPU
		{9A586531-2923-4B9A-8BE9-ACD01124D47D}.Debug|Any CPU.Build.0 = Debug|Any CPU
		{9A586531-2923-4B9A-8BE9-ACD01124D47D}.Release|Any CPU.ActiveCfg = Release|Any CPU
		{9A586531-2923-4B9A-8BE9-ACD01124D47D}.Release|Any CPU.Build.0 = Release|Any CPU
		{D2DA1313-FBE0-4707-A564-0EAE7FBAB0A8}.Debug|Any CPU.ActiveCfg = Debug|Any CPU
		{D2DA1313-FBE0-4707-A564-0EAE7FBAB0A8}.Debug|Any CPU.Build.0 = Debug|Any CPU
		{D2DA1313-FBE0-4707-A564-0EAE7FBAB0A8}.Release|Any CPU.ActiveCfg = Release|Any CPU
		{D2DA1313-FBE0-4707-A564-0EAE7FBAB0A8}.Release|Any CPU.Build.0 = Release|Any CPU
	EndGlobalSection
	GlobalSection(SolutionProperties) = preSolution
		HideSolutionNode = FALSE
	EndGlobalSection
	GlobalSection(ExtensibilityGlobals) = postSolution
		SolutionGuid = {73144209-B0ED-4275-AFC5-0B0D9977339F}
	EndGlobalSection
EndGlobal
